
Microsoft Visual Studio Solution File, Format Version 12.00
# Visual Studio Version 16
VisualStudioVersion = 16.0.32802.440
MinimumVisualStudioVersion = 10.0.40219.1
Project("{8BC9CEB8-8B4A-11D0-8D11-00A0C91BC942}") = "Bridge Pattern", "Bridge Pattern\Bridge Pattern.vcxproj", "{8E468C4C-1612-4E57-8F51-7EEB86A19B57}"
EndProject
Global
	GlobalSection(SolutionConfigurationPlatforms) = preSolution
		Debug|x64 = Debug|x64
		Debug|x86 = Debug|x86
		Release|x64 = Release|x64
		Release|x86 = Release|x86
	EndGlobalSection
	GlobalSection(ProjectConfigurationPlatforms) = postSolution
		{8E468C4C-1612-4E57-8F51-7EEB86A19B57}.Debug|x64.ActiveCfg = Debug|x64
		{8E468C4C-1612-4E57-8F51-7EEB86A19B57}.Debug|x64.Build.0 = Debug|x64
		{8E468C4C-1612-4E57-8F51-7EEB86A19B57}.Debug|x86.ActiveCfg = Debug|Win32
		{8E468C4C-1612-4E57-8F51-7EEB86A19B57}.Debug|x86.Build.0 = Debug|Win32
		{8E468C4C-1612-4E57-8F51-7EEB86A19B57}.Release|x64.ActiveCfg = Release|x64
		{8E468C4C-1612-4E57-8F51-7EEB86A19B57}.Release|x64.Build.0 = Release|x64
		{8E468C4C-1612-4E57-8F51-7EEB86A19B57}.Release|x86.ActiveCfg = Release|Win32
		{8E468C4C-1612-4E57-8F51-7EEB86A19B57}.Release|x86.Build.0 = Release|Win32
	EndGlobalSection
	GlobalSection(SolutionProperties) = preSolution
		HideSolutionNode = FALSE
	EndGlobalSection
	GlobalSection(ExtensibilityGlobals) = postSolution
		SolutionGuid = {19B6D4A2-E89B-42B5-B22F-F87507791901}
	EndGlobalSection
EndGlobal
